
Microsoft Visual Studio Solution File, Format Version 12.00
# Visual Studio Version 17
VisualStudioVersion = 17.0.31903.59
MinimumVisualStudioVersion = 10.0.40219.1
Project("{FAE04EC0-301F-11D3-BF4B-00C04F79EFBC}") = "TaskManager.API", "TaskManager.API\TaskManager.API.csproj", "{1D9A7E9B-C431-4B6C-ABD7-C14F970F7982}"
EndProject
Project("{FAE04EC0-301F-11D3-BF4B-00C04F79EFBC}") = "TaskManager.Web", "TaskManager.Web\TaskManager.Web.csproj", "{240F4F3E-C683-4B94-86D6-A6D2950BCEB4}"
EndProject
Project("{FAE04EC0-301F-11D3-BF4B-00C04F79EFBC}") = "TaskManager.Core", "TaskManager.Core\TaskManager.Core.csproj", "{A0C1C509-EB1B-4563-8F83-C56595D79DCE}"
EndProject
Project("{FAE04EC0-301F-11D3-BF4B-00C04F79EFBC}") = "TaskManager.Infrastructure", "TaskManager.Infrastructure\TaskManager.Infrastructure.csproj", "{D99D317B-59E8-495A-AE56-E400E77F03C5}"
EndProject
Global
	GlobalSection(SolutionConfigurationPlatforms) = preSolution
		Debug|Any CPU = Debug|Any CPU
		Debug|x64 = Debug|x64
		Debug|x86 = Debug|x86
		Release|Any CPU = Release|Any CPU
		Release|x64 = Release|x64
		Release|x86 = Release|x86
	EndGlobalSection
	GlobalSection(ProjectConfigurationPlatforms) = postSolution
		{1D9A7E9B-C431-4B6C-ABD7-C14F970F7982}.Debug|Any CPU.ActiveCfg = Debug|Any CPU
		{1D9A7E9B-C431-4B6C-ABD7-C14F970F7982}.Debug|Any CPU.Build.0 = Debug|Any CPU
		{1D9A7E9B-C431-4B6C-ABD7-C14F970F7982}.Debug|x64.ActiveCfg = Debug|Any CPU
		{1D9A7E9B-C431-4B6C-ABD7-C14F970F7982}.Debug|x64.Build.0 = Debug|Any CPU
		{1D9A7E9B-C431-4B6C-ABD7-C14F970F7982}.Debug|x86.ActiveCfg = Debug|Any CPU
		{1D9A7E9B-C431-4B6C-ABD7-C14F970F7982}.Debug|x86.Build.0 = Debug|Any CPU
		{1D9A7E9B-C431-4B6C-ABD7-C14F970F7982}.Release|Any CPU.ActiveCfg = Release|Any CPU
		{1D9A7E9B-C431-4B6C-ABD7-C14F970F7982}.Release|Any CPU.Build.0 = Release|Any CPU
		{1D9A7E9B-C431-4B6C-ABD7-C14F970F7982}.Release|x64.ActiveCfg = Release|Any CPU
		{1D9A7E9B-C431-4B6C-ABD7-C14F970F7982}.Release|x64.Build.0 = Release|Any CPU
		{1D9A7E9B-C431-4B6C-ABD7-C14F970F7982}.Release|x86.ActiveCfg = Release|Any CPU
		{1D9A7E9B-C431-4B6C-ABD7-C14F970F7982}.Release|x86.Build.0 = Release|Any CPU
		{240F4F3E-C683-4B94-86D6-A6D2950BCEB4}.Debug|Any CPU.ActiveCfg = Debug|Any CPU
		{240F4F3E-C683-4B94-86D6-A6D2950BCEB4}.Debug|Any CPU.Build.0 = Debug|Any CPU
		{240F4F3E-C683-4B94-86D6-A6D2950BCEB4}.Debug|x64.ActiveCfg = Debug|Any CPU
		{240F4F3E-C683-4B94-86D6-A6D2950BCEB4}.Debug|x64.Build.0 = Debug|Any CPU
		{240F4F3E-C683-4B94-86D6-A6D2950BCEB4}.Debug|x86.ActiveCfg = Debug|Any CPU
		{240F4F3E-C683-4B94-86D6-A6D2950BCEB4}.Debug|x86.Build.0 = Debug|Any CPU
		{240F4F3E-C683-4B94-86D6-A6D2950BCEB4}.Release|Any CPU.ActiveCfg = Release|Any CPU
		{240F4F3E-C683-4B94-86D6-A6D2950BCEB4}.Release|Any CPU.Build.0 = Release|Any CPU
		{240F4F3E-C683-4B94-86D6-A6D2950BCEB4}.Release|x64.ActiveCfg = Release|Any CPU
		{240F4F3E-C683-4B94-86D6-A6D2950BCEB4}.Release|x64.Build.0 = Release|Any CPU
		{240F4F3E-C683-4B94-86D6-A6D2950BCEB4}.Release|x86.ActiveCfg = Release|Any CPU
		{240F4F3E-C683-4B94-86D6-A6D2950BCEB4}.Release|x86.Build.0 = Release|Any CPU
		{A0C1C509-EB1B-4563-8F83-C56595D79DCE}.Debug|Any CPU.ActiveCfg = Debug|Any CPU
		{A0C1C509-EB1B-4563-8F83-C56595D79DCE}.Debug|Any CPU.Build.0 = Debug|Any CPU
		{A0C1C509-EB1B-4563-8F83-C56595D79DCE}.Debug|x64.ActiveCfg = Debug|Any CPU
		{A0C1C509-EB1B-4563-8F83-C56595D79DCE}.Debug|x64.Build.0 = Debug|Any CPU
		{A0C1C509-EB1B-4563-8F83-C56595D79DCE}.Debug|x86.ActiveCfg = Debug|Any CPU
		{A0C1C509-EB1B-4563-8F83-C56595D79DCE}.Debug|x86.Build.0 = Debug|Any CPU
		{A0C1C509-EB1B-4563-8F83-C56595D79DCE}.Release|Any CPU.ActiveCfg = Release|Any CPU
		{A0C1C509-EB1B-4563-8F83-C56595D79DCE}.Release|Any CPU.Build.0 = Release|Any CPU
		{A0C1C509-EB1B-4563-8F83-C56595D79DCE}.Release|x64.ActiveCfg = Release|Any CPU
		{A0C1C509-EB1B-4563-8F83-C56595D79DCE}.Release|x64.Build.0 = Release|Any CPU
		{A0C1C509-EB1B-4563-8F83-C56595D79DCE}.Release|x86.ActiveCfg = Release|Any CPU
		{A0C1C509-EB1B-4563-8F83-C56595D79DCE}.Release|x86.Build.0 = Release|Any CPU
		{D99D317B-59E8-495A-AE56-E400E77F03C5}.Debug|Any CPU.ActiveCfg = Debug|Any CPU
		{D99D317B-59E8-495A-AE56-E400E77F03C5}.Debug|Any CPU.Build.0 = Debug|Any CPU
		{D99D317B-59E8-495A-AE56-E400E77F03C5}.Debug|x64.ActiveCfg = Debug|Any CPU
		{D99D317B-59E8-495A-AE56-E400E77F03C5}.Debug|x64.Build.0 = Debug|Any CPU
		{D99D317B-59E8-495A-AE56-E400E77F03C5}.Debug|x86.ActiveCfg = Debug|Any CPU
		{D99D317B-59E8-495A-AE56-E400E77F03C5}.Debug|x86.Build.0 = Debug|Any CPU
		{D99D317B-59E8-495A-AE56-E400E77F03C5}.Release|Any CPU.ActiveCfg = Release|Any CPU
		{D99D317B-59E8-495A-AE56-E400E77F03C5}.Release|Any CPU.Build.0 = Release|Any CPU
		{D99D317B-59E8-495A-AE56-E400E77F03C5}.Release|x64.ActiveCfg = Release|Any CPU
		{D99D317B-59E8-495A-AE56-E400E77F03C5}.Release|x64.Build.0 = Release|Any CPU
		{D99D317B-59E8-495A-AE56-E400E77F03C5}.Release|x86.ActiveCfg = Release|Any CPU
		{D99D317B-59E8-495A-AE56-E400E77F03C5}.Release|x86.Build.0 = Release|Any CPU
	EndGlobalSection
	GlobalSection(SolutionProperties) = preSolution
		HideSolutionNode = FALSE
	EndGlobalSection
EndGlobal
